// !$*UTF8*$!
{
	archiveVersion = 1;
	classes = {
	};
	objectVersion = 46;
	objects = {

/* Begin PBXBuildFile section */
		E997D7D6206C91AF00344C42 /* AppDelegate.swift in Sources */ = {isa = PBXBuildFile; fileRef = E997D7D5206C91AF00344C42 /* AppDelegate.swift */; };
		E997D7D8206C91AF00344C42 /* ViewController.swift in Sources */ = {isa = PBXBuildFile; fileRef = E997D7D7206C91AF00344C42 /* ViewController.swift */; };
		E997D7DB206C91AF00344C42 /* Main.storyboard in Resources */ = {isa = PBXBuildFile; fileRef = E997D7D9206C91AF00344C42 /* Main.storyboard */; };
		E997D7DD206C91AF00344C42 /* Assets.xcassets in Resources */ = {isa = PBXBuildFile; fileRef = E997D7DC206C91AF00344C42 /* Assets.xcassets */; };
		E997D7E0206C91AF00344C42 /* LaunchScreen.storyboard in Resources */ = {isa = PBXBuildFile; fileRef = E997D7DE206C91AF00344C42 /* LaunchScreen.storyboard */; };
/* End PBXBuildFile section */

/* Begin PBXFileReference section */
		E997D7D2206C91AF00344C42 /* UITabController.app */ = {isa = PBXFileReference; explicitFileType = wrapper.application; includeInIndex = 0; path = UITabController.app; sourceTree = BUILT_PRODUCTS_DIR; };
		E997D7D5206C91AF00344C42 /* AppDelegate.swift */ = {isa = PBXFileReference; lastKnownFileType = sourcecode.swift; path = AppDelegate.swift; sourceTree = "<group>"; };
		E997D7D7206C91AF00344C42 /* ViewController.swift */ = {isa = PBXFileReference; lastKnownFileType = sourcecode.swift; path = ViewController.swift; sourceTree = "<group>"; };
		E997D7DA206C91AF00344C42 /* Base */ = {isa = PBXFileReference; lastKnownFileType = file.storyboard; name = Base; path = Base.lproj/Main.storyboard; sourceTree = "<group>"; };
		E997D7DC206C91AF00344C42 /* Assets.xcassets */ = {isa = PBXFileReference; lastKnownFileType = folder.assetcatalog; path = Assets.xcassets; sourceTree = "<group>"; };
		E997D7DF206C91AF00344C42 /* Base */ = {isa = PBXFileReference; lastKnownFileType = file.storyboard; name = Base; path = Base.lproj/LaunchScreen.storyboard; sourceTree = "<group>"; };
		E997D7E1206C91AF00344C42 /* Info.plist */ = {isa = PBXFileReference; lastKnownFileType = text.plist.xml; path = Info.plist; sourceTree = "<group>"; };
/* End PBXFileReference section */

/* Begin PBXFrameworksBuildPhase section */
		E997D7CF206C91AF00344C42 /* Frameworks */ = {
			isa = PBXFrameworksBuildPhase;
			buildActionMask = 2147483647;
			files = (
			);
			runOnlyForDeploymentPostprocessing = 0;
		};
/* End PBXFrameworksBuildPhase section */

/* Begin PBXGroup section */
		E997D7C9206C91AF00344C42 = {
			isa = PBXGroup;
			children = (
				E997D7D4206C91AF00344C42 /* UITabController */,
				E997D7D3206C91AF00344C42 /* Products */,
			);
			sourceTree = "<group>";
		};
		E997D7D3206C91AF00344C42 /* Products */ = {
			isa = PBXGroup;
			children = (
				E997D7D2206C91AF00344C42 /* UITabController.app */,
			);
			name = Products;
			sourceTree = "<group>";
		};
		E997D7D4206C91AF00344C42 /* UITabController */ = {
			isa = PBXGroup;
			children = (
				E997D7D5206C91AF00344C42 /* AppDelegate.swift */,
				E997D7D7206C91AF00344C42 /* ViewController.swift */,
				E997D7D9206C91AF00344C42 /* Main.storyboard */,
				E997D7DC206C91AF00344C42 /* Assets.xcassets */,
				E997D7DE206C91AF00344C42 /* LaunchScreen.storyboard */,
				E997D7E1206C91AF00344C42 /* Info.plist */,
			);
			path = UITabController;
			sourceTree = "<group>";
		};
/* End PBXGroup section */

/* Begin PBXNativeTarget section */
		E997D7D1206C91AF00344C42 /* UITabController */ = {
			isa = PBXNativeTarget;
			buildConfigurationList = E997D7E4206C91AF00344C42 /* Build configuration list for PBXNativeTarget "UITabController" */;
			buildPhases = (
				E997D7CE206C91AF00344C42 /* Sources */,
				E997D7CF206C91AF00344C42 /* Frameworks */,
				E997D7D0206C91AF00344C42 /* Resources */,
			);
			buildRules = (
			);
			dependencies = (
			);
			name = UITabController;
			productName = UITabController;
			productReference = E997D7D2206C91AF00344C42 /* UITabController.app */;
			productType = "com.apple.product-type.application";
		};
/* End PBXNativeTarget section */

/* Begin PBXProject section */
		E997D7CA206C91AF00344C42 /* Project object */ = {
			isa = PBXProject;
			attributes = {
				LastSwiftUpdateCheck = 0830;
				LastUpgradeCheck = 0830;
				ORGANIZATIONNAME = gdcp;
				TargetAttributes = {
					E997D7D1206C91AF00344C42 = {
						CreatedOnToolsVersion = 8.3.3;
						ProvisioningStyle = Automatic;
					};
				};
			};
			buildConfigurationList = E997D7CD206C91AF00344C42 /* Build configuration list for PBXProject "UITabController" */;
			compatibilityVersion = "Xcode 3.2";
			developmentRegion = English;
			hasScannedForEncodings = 0;
			knownRegions = (
				en,
				Base,
			);
			mainGroup = E997D7C9206C91AF00344C42;
			productRefGroup = E997D7D3206C91AF00344C42 /* Products */;
			projectDirPath = "";
			projectRoot = "";
			targets = (
				E997D7D1206C91AF00344C42 /* UITabController */,
			);
		};
/* End PBXProject section */

/* Begin PBXResourcesBuildPhase section */
		E997D7D0206C91AF00344C42 /* Resources */ = {
			isa = PBXResourcesBuildPhase;
			buildActionMask = 2147483647;
			files = (
				E997D7E0206C91AF00344C42 /* LaunchScreen.storyboard in Resources */,
				E997D7DD206C91AF00344C42 /* Assets.xcassets in Resources */,
				E997D7DB206C91AF00344C42 /* Main.storyboard in Resources */,
			);
			runOnlyForDeploymentPostprocessing = 0;
		};
/* End PBXResourcesBuildPhase section */

/* Begin PBXSourcesBuildPhase section */
		E997D7CE206C91AF00344C42 /* Sources */ = {
			isa = PBXSourcesBuildPhase;
			buildActionMask = 2147483647;
			files = (
				E997D7D8206C91AF00344C42 /* ViewController.swift in Sources */,
				E997D7D6206C91AF00344C42 /* AppDelegate.swift in Sources */,
			);
			runOnlyForDeploymentPostprocessing = 0;
		};
/* End PBXSourcesBuildPhase section */

/* Begin PBXVariantGroup section */
		E997D7D9206C91AF00344C42 /* Main.storyboard */ = {
			isa = PBXVariantGroup;
			children = (
				E997D7DA206C91AF00344C42 /* Base */,
			);
			name = Main.storyboard;
			sourceTree = "<group>";
		};
		E997D7DE206C91AF00344C42 /* LaunchScreen.storyboard */ = {
			isa = PBXVariantGroup;
			children = (
				E997D7DF206C91AF00344C42 /* Base */,
			);
			name = LaunchScreen.storyboard;
			sourceTree = "<group>";
		};
/* End PBXVariantGroup section */

/* Begin XCBuildConfiguration section */
		E997D7E2206C91AF00344C42 /* Debug */ = {
			isa = XCBuildConfiguration;
			buildSettings = {
				ALWAYS_SEARCH_USER_PATHS = NO;
				CLANG_ANALYZER_NONNULL = YES;
				CLANG_ANALYZER_NUMBER_OBJECT_CONVERSION = YES_AGGRESSIVE;
				CLANG_CXX_LANGUAGE_STANDARD = "gnu++0x";
				CLANG_CXX_LIBRARY = "libc++";
				CLANG_ENABLE_MODULES = YES;
				CLANG_ENABLE_OBJC_ARC = YES;
				CLANG_WARN_BOOL_CONVERSION = YES;
				CLANG_WARN_CONSTANT_CONVERSION = YES;
				CLANG_WARN_DIRECT_OBJC_ISA_USAGE = YES_ERROR;
				CLANG_WARN_DOCUMENTATION_COMMENTS = YES;
				CLANG_WARN_EMPTY_BODY = YES;
				CLANG_WARN_ENUM_CONVERSION = YES;
				CLANG_WARN_INFINITE_RECURSION = YES;
				CLANG_WARN_INT_CONVERSION = YES;
				CLANG_WARN_OBJC_ROOT_CLASS = YES_ERROR;
				CLANG_WARN_SUSPICIOUS_MOVE = YES;
				CLANG_WARN_UNREACHABLE_CODE = YES;
				CLANG_WARN__DUPLICATE_METHOD_MATCH = YES;
				"CODE_SIGN_IDENTITY[sdk=iphoneos*]" = "iPhone Developer";
				COPY_PHASE_STRIP = NO;
				DEBUG_INFORMATION_FORMAT = dwarf;
				ENABLE_STRICT_OBJC_MSGSEND = YES;
				ENABLE_TESTABILITY = YES;
				GCC_C_LANGUAGE_STANDARD = gnu99;
				GCC_DYNAMIC_NO_PIC = NO;
				GCC_NO_COMMON_BLOCKS = YES;
				GCC_OPTIMIZATION_LEVEL = 0;
				GCC_PREPROCESSOR_DEFINITIONS = (
					"DEBUG=1",
					"$(inherited)",
				);
				GCC_WARN_64_TO_32_BIT_CONVERSION = YES;
				GCC_WARN_ABOUT_RETURN_TYPE = YES_ERROR;
				GCC_WARN_UNDECLARED_SELECTOR = YES;
				GCC_WARN_UNINITIALIZED_AUTOS = YES_AGGRESSIVE;
				GCC_WARN_UNUSED_FUNCTION = YES;
				GCC_WARN_UNUSED_VARIABLE = YES;
				IPHONEOS_DEPLOYMENT_TARGET = 10.3;
				MTL_ENABLE_DEBUG_INFO = YES;
				ONLY_ACTIVE_ARCH = YES;
				SDKROOT = iphoneos;
				SWIFT_ACTIVE_COMPILATION_CONDITIONS = DEBUG;
				SWIFT_OPTIMIZATION_LEVEL = "-Onone";
				TARGETED_DEVICE_FAMILY = "1,2";
			};
			name = Debug;
		};
		E997D7E3206C91AF00344C42 /* Release */ = {
			isa = XCBuildConfiguration;
			buildSettings = {
				ALWAYS_SEARCH_USER_PATHS = NO;
				CLANG_ANALYZER_NONNULL = YES;
				CLANG_ANALYZER_NUMBER_OBJECT_CONVERSION = YES_AGGRESSIVE;
				CLANG_CXX_LANGUAGE_STANDARD = "gnu++0x";
				CLANG_CXX_LIBRARY = "libc++";
				CLANG_ENABLE_MODULES = YES;
				CLANG_ENABLE_OBJC_ARC = YES;
				CLANG_WARN_BOOL_CONVERSION = YES;
				CLANG_WARN_CONSTANT_CONVERSION = YES;
				CLANG_WARN_DIRECT_OBJC_ISA_USAGE = YES_ERROR;
				CLANG_WARN_DOCUMENTATION_COMMENTS = YES;
				CLANG_WARN_EMPTY_BODY = YES;
				CLANG_WARN_ENUM_CONVERSION = YES;
				CLANG_WARN_INFINITE_RECURSION = YES;
				CLANG_WARN_INT_CONVERSION = YES;
				CLANG_WARN_OBJC_ROOT_CLASS = YES_ERROR;
				CLANG_WARN_SUSPICIOUS_MOVE = YES;
				CLANG_WARN_UNREACHABLE_CODE = YES;
				CLANG_WARN__DUPLICATE_METHOD_MATCH = YES;
				"CODE_SIGN_IDENTITY[sdk=iphoneos*]" = "iPhone Developer";
				COPY_PHASE_STRIP = NO;
				DEBUG_INFORMATION_FORMAT = "dwarf-with-dsym";
				ENABLE_NS_ASSERTIONS = NO;
				ENABLE_STRICT_OBJC_MSGSEND = YES;
				GCC_C_LANGUAGE_STANDARD = gnu99;
				GCC_NO_COMMON_BLOCKS = YES;
				GCC_WARN_64_TO_32_BIT_CONVERSION = YES;
				GCC_WARN_ABOUT_RETURN_TYPE = YES_ERROR;
				GCC_WARN_UNDECLARED_SELECTOR = YES;
				GCC_WARN_UNINITIALIZED_AUTOS = YES_AGGRESSIVE;
				GCC_WARN_UNUSED_FUNCTION = YES;
				GCC_WARN_UNUSED_VARIABLE = YES;
				IPHONEOS_DEPLOYMENT_TARGET = 10.3;
				MTL_ENABLE_DEBUG_INFO = NO;
				SDKROOT = iphoneos;
				SWIFT_OPTIMIZATION_LEVEL = "-Owholemodule";
				TARGETED_DEVICE_FAMILY = "1,2";
				VALIDATE_PRODUCT = YES;
			};
			name = Release;
		};
		E997D7E5206C91AF00344C42 /* Debug */ = {
			isa = XCBuildConfiguration;
			buildSettings = {
				ASSETCATALOG_COMPILER_APPICON_NAME = AppIcon;
				INFOPLIST_FILE = UITabController/Info.plist;
				LD_RUNPATH_SEARCH_PATHS = "$(inherited) @executable_path/Frameworks";
				PRODUCT_BUNDLE_IDENTIFIER = gdcp.UITabController;
				PRODUCT_NAME = "$(TARGET_NAME)";
				SWIFT_VERSION = 3.0;
			};
			name = Debug;
		};
		E997D7E6206C91AF00344C42 /* Release */ = {
			isa = XCBuildConfiguration;
			buildSettings = {
				ASSETCATALOG_COMPILER_APPICON_NAME = AppIcon;
				INFOPLIST_FILE = UITabController/Info.plist;
				LD_RUNPATH_SEARCH_PATHS = "$(inherited) @executable_path/Frameworks";
				PRODUCT_BUNDLE_IDENTIFIER = gdcp.UITabController;
				PRODUCT_NAME = "$(TARGET_NAME)";
				SWIFT_VERSION = 3.0;
			};
			name = Release;
		};
/* End XCBuildConfiguration section */

/* Begin XCConfigurationList section */
		E997D7CD206C91AF00344C42 /* Build configuration list for PBXProject "UITabController" */ = {
			isa = XCConfigurationList;
			buildConfigurations = (
				E997D7E2206C91AF00344C42 /* Debug */,
				E997D7E3206C91AF00344C42 /* Release */,
			);
			defaultConfigurationIsVisible = 0;
			defaultConfigurationName = Release;
		};
		E997D7E4206C91AF00344C42 /* Build configuration list for PBXNativeTarget "UITabController" */ = {
			isa = XCConfigurationList;
			buildConfigurations = (
				E997D7E5206C91AF00344C42 /* Debug */,
				E997D7E6206C91AF00344C42 /* Release */,
			);
			defaultConfigurationIsVisible = 0;
		};
/* End XCConfigurationList section */
	};
	rootObject = E997D7CA206C91AF00344C42 /* Project object */;
}
